// !$*UTF8*$!
{
	archiveVersion = 1;
	classes = {
	};
	objectVersion = 46;
	objects = {

/* Begin PBXBuildFile section */
		80B7B01D1A4DCBDA00885524 /* AppDelegate.swift in Sources */ = {isa = PBXBuildFile; fileRef = 80B7B01C1A4DCBDA00885524 /* AppDelegate.swift */; };
		80B7B0201A4DCBDA00885524 /* worktajm.xcdatamodeld in Sources */ = {isa = PBXBuildFile; fileRef = 80B7B01E1A4DCBDA00885524 /* worktajm.xcdatamodeld */; };
		80B7B0221A4DCBDA00885524 /* MasterViewController.swift in Sources */ = {isa = PBXBuildFile; fileRef = 80B7B0211A4DCBDA00885524 /* MasterViewController.swift */; };
		80B7B0241A4DCBDA00885524 /* DetailViewController.swift in Sources */ = {isa = PBXBuildFile; fileRef = 80B7B0231A4DCBDA00885524 /* DetailViewController.swift */; };
		80B7B0271A4DCBDA00885524 /* Main.storyboard in Resources */ = {isa = PBXBuildFile; fileRef = 80B7B0251A4DCBDA00885524 /* Main.storyboard */; };
		80B7B0291A4DCBDA00885524 /* Images.xcassets in Resources */ = {isa = PBXBuildFile; fileRef = 80B7B0281A4DCBDA00885524 /* Images.xcassets */; };
		80B7B02C1A4DCBDA00885524 /* LaunchScreen.xib in Resources */ = {isa = PBXBuildFile; fileRef = 80B7B02A1A4DCBDA00885524 /* LaunchScreen.xib */; };
		80B7B0381A4DCBDA00885524 /* worktajmTests.swift in Sources */ = {isa = PBXBuildFile; fileRef = 80B7B0371A4DCBDA00885524 /* worktajmTests.swift */; };
/* End PBXBuildFile section */

/* Begin PBXContainerItemProxy section */
		80B7B0321A4DCBDA00885524 /* PBXContainerItemProxy */ = {
			isa = PBXContainerItemProxy;
			containerPortal = 80B7B00F1A4DCBDA00885524 /* Project object */;
			proxyType = 1;
			remoteGlobalIDString = 80B7B0161A4DCBDA00885524;
			remoteInfo = worktajm;
		};
/* End PBXContainerItemProxy section */

/* Begin PBXFileReference section */
		80B7B0171A4DCBDA00885524 /* worktajm.app */ = {isa = PBXFileReference; explicitFileType = wrapper.application; includeInIndex = 0; path = worktajm.app; sourceTree = BUILT_PRODUCTS_DIR; };
		80B7B01B1A4DCBDA00885524 /* Info.plist */ = {isa = PBXFileReference; lastKnownFileType = text.plist.xml; path = Info.plist; sourceTree = "<group>"; };
		80B7B01C1A4DCBDA00885524 /* AppDelegate.swift */ = {isa = PBXFileReference; lastKnownFileType = sourcecode.swift; path = AppDelegate.swift; sourceTree = "<group>"; };
		80B7B01F1A4DCBDA00885524 /* worktajm.xcdatamodel */ = {isa = PBXFileReference; lastKnownFileType = wrapper.xcdatamodel; path = worktajm.xcdatamodel; sourceTree = "<group>"; };
		80B7B0211A4DCBDA00885524 /* MasterViewController.swift */ = {isa = PBXFileReference; lastKnownFileType = sourcecode.swift; path = MasterViewController.swift; sourceTree = "<group>"; };
		80B7B0231A4DCBDA00885524 /* DetailViewController.swift */ = {isa = PBXFileReference; lastKnownFileType = sourcecode.swift; path = DetailViewController.swift; sourceTree = "<group>"; };
		80B7B0261A4DCBDA00885524 /* Base */ = {isa = PBXFileReference; lastKnownFileType = file.storyboard; name = Base; path = Base.lproj/Main.storyboard; sourceTree = "<group>"; };
		80B7B0281A4DCBDA00885524 /* Images.xcassets */ = {isa = PBXFileReference; lastKnownFileType = folder.assetcatalog; path = Images.xcassets; sourceTree = "<group>"; };
		80B7B02B1A4DCBDA00885524 /* Base */ = {isa = PBXFileReference; lastKnownFileType = file.xib; name = Base; path = Base.lproj/LaunchScreen.xib; sourceTree = "<group>"; };
		80B7B0311A4DCBDA00885524 /* worktajmTests.xctest */ = {isa = PBXFileReference; explicitFileType = wrapper.cfbundle; includeInIndex = 0; path = worktajmTests.xctest; sourceTree = BUILT_PRODUCTS_DIR; };
		80B7B0361A4DCBDA00885524 /* Info.plist */ = {isa = PBXFileReference; lastKnownFileType = text.plist.xml; path = Info.plist; sourceTree = "<group>"; };
		80B7B0371A4DCBDA00885524 /* worktajmTests.swift */ = {isa = PBXFileReference; lastKnownFileType = sourcecode.swift; path = worktajmTests.swift; sourceTree = "<group>"; };
/* End PBXFileReference section */

/* Begin PBXFrameworksBuildPhase section */
		80B7B0141A4DCBDA00885524 /* Frameworks */ = {
			isa = PBXFrameworksBuildPhase;
			buildActionMask = 2147483647;
			files = (
			);
			runOnlyForDeploymentPostprocessing = 0;
		};
		80B7B02E1A4DCBDA00885524 /* Frameworks */ = {
			isa = PBXFrameworksBuildPhase;
			buildActionMask = 2147483647;
			files = (
			);
			runOnlyForDeploymentPostprocessing = 0;
		};
/* End PBXFrameworksBuildPhase section */

/* Begin PBXGroup section */
		80B7B00E1A4DCBDA00885524 = {
			isa = PBXGroup;
			children = (
				80B7B0191A4DCBDA00885524 /* worktajm */,
				80B7B0341A4DCBDA00885524 /* worktajmTests */,
				80B7B0181A4DCBDA00885524 /* Products */,
			);
			sourceTree = "<group>";
		};
		80B7B0181A4DCBDA00885524 /* Products */ = {
			isa = PBXGroup;
			children = (
				80B7B0171A4DCBDA00885524 /* worktajm.app */,
				80B7B0311A4DCBDA00885524 /* worktajmTests.xctest */,
			);
			name = Products;
			sourceTree = "<group>";
		};
		80B7B0191A4DCBDA00885524 /* worktajm */ = {
			isa = PBXGroup;
			children = (
				80B7B01C1A4DCBDA00885524 /* AppDelegate.swift */,
				80B7B0211A4DCBDA00885524 /* MasterViewController.swift */,
				80B7B0231A4DCBDA00885524 /* DetailViewController.swift */,
				80B7B0251A4DCBDA00885524 /* Main.storyboard */,
				80B7B0281A4DCBDA00885524 /* Images.xcassets */,
				80B7B02A1A4DCBDA00885524 /* LaunchScreen.xib */,
				80B7B01E1A4DCBDA00885524 /* worktajm.xcdatamodeld */,
				80B7B01A1A4DCBDA00885524 /* Supporting Files */,
			);
			path = worktajm;
			sourceTree = "<group>";
		};
		80B7B01A1A4DCBDA00885524 /* Supporting Files */ = {
			isa = PBXGroup;
			children = (
				80B7B01B1A4DCBDA00885524 /* Info.plist */,
			);
			name = "Supporting Files";
			sourceTree = "<group>";
		};
		80B7B0341A4DCBDA00885524 /* worktajmTests */ = {
			isa = PBXGroup;
			children = (
				80B7B0371A4DCBDA00885524 /* worktajmTests.swift */,
				80B7B0351A4DCBDA00885524 /* Supporting Files */,
			);
			path = worktajmTests;
			sourceTree = "<group>";
		};
		80B7B0351A4DCBDA00885524 /* Supporting Files */ = {
			isa = PBXGroup;
			children = (
				80B7B0361A4DCBDA00885524 /* Info.plist */,
			);
			name = "Supporting Files";
			sourceTree = "<group>";
		};
/* End PBXGroup section */

/* Begin PBXNativeTarget section */
		80B7B0161A4DCBDA00885524 /* worktajm */ = {
			isa = PBXNativeTarget;
			buildConfigurationList = 80B7B03B1A4DCBDA00885524 /* Build configuration list for PBXNativeTarget "worktajm" */;
			buildPhases = (
				80B7B0131A4DCBDA00885524 /* Sources */,
				80B7B0141A4DCBDA00885524 /* Frameworks */,
				80B7B0151A4DCBDA00885524 /* Resources */,
			);
			buildRules = (
			);
			dependencies = (
			);
			name = worktajm;
			productName = worktajm;
			productReference = 80B7B0171A4DCBDA00885524 /* worktajm.app */;
			productType = "com.apple.product-type.application";
		};
		80B7B0301A4DCBDA00885524 /* worktajmTests */ = {
			isa = PBXNativeTarget;
			buildConfigurationList = 80B7B03E1A4DCBDA00885524 /* Build configuration list for PBXNativeTarget "worktajmTests" */;
			buildPhases = (
				80B7B02D1A4DCBDA00885524 /* Sources */,
				80B7B02E1A4DCBDA00885524 /* Frameworks */,
				80B7B02F1A4DCBDA00885524 /* Resources */,
			);
			buildRules = (
			);
			dependencies = (
				80B7B0331A4DCBDA00885524 /* PBXTargetDependency */,
			);
			name = worktajmTests;
			productName = worktajmTests;
			productReference = 80B7B0311A4DCBDA00885524 /* worktajmTests.xctest */;
			productType = "com.apple.product-type.bundle.unit-test";
		};
/* End PBXNativeTarget section */

/* Begin PBXProject section */
		80B7B00F1A4DCBDA00885524 /* Project object */ = {
			isa = PBXProject;
			attributes = {
				LastUpgradeCheck = 0610;
				ORGANIZATIONNAME = "Arnell Consulting AB";
				TargetAttributes = {
					80B7B0161A4DCBDA00885524 = {
						CreatedOnToolsVersion = 6.1.1;
					};
					80B7B0301A4DCBDA00885524 = {
						CreatedOnToolsVersion = 6.1.1;
						TestTargetID = 80B7B0161A4DCBDA00885524;
					};
				};
			};
			buildConfigurationList = 80B7B0121A4DCBDA00885524 /* Build configuration list for PBXProject "worktajm" */;
			compatibilityVersion = "Xcode 3.2";
			developmentRegion = English;
			hasScannedForEncodings = 0;
			knownRegions = (
				en,
				Base,
			);
			mainGroup = 80B7B00E1A4DCBDA00885524;
			productRefGroup = 80B7B0181A4DCBDA00885524 /* Products */;
			projectDirPath = "";
			projectRoot = "";
			targets = (
				80B7B0161A4DCBDA00885524 /* worktajm */,
				80B7B0301A4DCBDA00885524 /* worktajmTests */,
			);
		};
/* End PBXProject section */

/* Begin PBXResourcesBuildPhase section */
		80B7B0151A4DCBDA00885524 /* Resources */ = {
			isa = PBXResourcesBuildPhase;
			buildActionMask = 2147483647;
			files = (
				80B7B0271A4DCBDA00885524 /* Main.storyboard in Resources */,
				80B7B02C1A4DCBDA00885524 /* LaunchScreen.xib in Resources */,
				80B7B0291A4DCBDA00885524 /* Images.xcassets in Resources */,
			);
			runOnlyForDeploymentPostprocessing = 0;
		};
		80B7B02F1A4DCBDA00885524 /* Resources */ = {
			isa = PBXResourcesBuildPhase;
			buildActionMask = 2147483647;
			files = (
			);
			runOnlyForDeploymentPostprocessing = 0;
		};
/* End PBXResourcesBuildPhase section */

/* Begin PBXSourcesBuildPhase section */
		80B7B0131A4DCBDA00885524 /* Sources */ = {
			isa = PBXSourcesBuildPhase;
			buildActionMask = 2147483647;
			files = (
				80B7B0201A4DCBDA00885524 /* worktajm.xcdatamodeld in Sources */,
				80B7B01D1A4DCBDA00885524 /* AppDelegate.swift in Sources */,
				80B7B0221A4DCBDA00885524 /* MasterViewController.swift in Sources */,
				80B7B0241A4DCBDA00885524 /* DetailViewController.swift in Sources */,
			);
			runOnlyForDeploymentPostprocessing = 0;
		};
		80B7B02D1A4DCBDA00885524 /* Sources */ = {
			isa = PBXSourcesBuildPhase;
			buildActionMask = 2147483647;
			files = (
				80B7B0381A4DCBDA00885524 /* worktajmTests.swift in Sources */,
			);
			runOnlyForDeploymentPostprocessing = 0;
		};
/* End PBXSourcesBuildPhase section */

/* Begin PBXTargetDependency section */
		80B7B0331A4DCBDA00885524 /* PBXTargetDependency */ = {
			isa = PBXTargetDependency;
			target = 80B7B0161A4DCBDA00885524 /* worktajm */;
			targetProxy = 80B7B0321A4DCBDA00885524 /* PBXContainerItemProxy */;
		};
/* End PBXTargetDependency section */

/* Begin PBXVariantGroup section */
		80B7B0251A4DCBDA00885524 /* Main.storyboard */ = {
			isa = PBXVariantGroup;
			children = (
				80B7B0261A4DCBDA00885524 /* Base */,
			);
			name = Main.storyboard;
			sourceTree = "<group>";
		};
		80B7B02A1A4DCBDA00885524 /* LaunchScreen.xib */ = {
			isa = PBXVariantGroup;
			children = (
				80B7B02B1A4DCBDA00885524 /* Base */,
			);
			name = LaunchScreen.xib;
			sourceTree = "<group>";
		};
/* End PBXVariantGroup section */

/* Begin XCBuildConfiguration section */
		80B7B0391A4DCBDA00885524 /* Debug */ = {
			isa = XCBuildConfiguration;
			buildSettings = {
				ALWAYS_SEARCH_USER_PATHS = NO;
				CLANG_CXX_LANGUAGE_STANDARD = "gnu++0x";
				CLANG_CXX_LIBRARY = "libc++";
				CLANG_ENABLE_MODULES = YES;
				CLANG_ENABLE_OBJC_ARC = YES;
				CLANG_WARN_BOOL_CONVERSION = YES;
				CLANG_WARN_CONSTANT_CONVERSION = YES;
				CLANG_WARN_DIRECT_OBJC_ISA_USAGE = YES_ERROR;
				CLANG_WARN_EMPTY_BODY = YES;
				CLANG_WARN_ENUM_CONVERSION = YES;
				CLANG_WARN_INT_CONVERSION = YES;
				CLANG_WARN_OBJC_ROOT_CLASS = YES_ERROR;
				CLANG_WARN_UNREACHABLE_CODE = YES;
				CLANG_WARN__DUPLICATE_METHOD_MATCH = YES;
				"CODE_SIGN_IDENTITY[sdk=iphoneos*]" = "iPhone Developer";
				COPY_PHASE_STRIP = NO;
				ENABLE_STRICT_OBJC_MSGSEND = YES;
				GCC_C_LANGUAGE_STANDARD = gnu99;
				GCC_DYNAMIC_NO_PIC = NO;
				GCC_OPTIMIZATION_LEVEL = 0;
				GCC_PREPROCESSOR_DEFINITIONS = (
					"DEBUG=1",
					"$(inherited)",
				);
				GCC_SYMBOLS_PRIVATE_EXTERN = NO;
				GCC_WARN_64_TO_32_BIT_CONVERSION = YES;
				GCC_WARN_ABOUT_RETURN_TYPE = YES_ERROR;
				GCC_WARN_UNDECLARED_SELECTOR = YES;
				GCC_WARN_UNINITIALIZED_AUTOS = YES_AGGRESSIVE;
				GCC_WARN_UNUSED_FUNCTION = YES;
				GCC_WARN_UNUSED_VARIABLE = YES;
				IPHONEOS_DEPLOYMENT_TARGET = 8.1;
				MTL_ENABLE_DEBUG_INFO = YES;
				ONLY_ACTIVE_ARCH = YES;
				SDKROOT = iphoneos;
				SWIFT_OPTIMIZATION_LEVEL = "-Onone";
				TARGETED_DEVICE_FAMILY = "1,2";
			};
			name = Debug;
		};
		80B7B03A1A4DCBDA00885524 /* Release */ = {
			isa = XCBuildConfiguration;
			buildSettings = {
				ALWAYS_SEARCH_USER_PATHS = NO;
				CLANG_CXX_LANGUAGE_STANDARD = "gnu++0x";
				CLANG_CXX_LIBRARY = "libc++";
				CLANG_ENABLE_MODULES = YES;
				CLANG_ENABLE_OBJC_ARC = YES;
				CLANG_WARN_BOOL_CONVERSION = YES;
				CLANG_WARN_CONSTANT_CONVERSION = YES;
				CLANG_WARN_DIRECT_OBJC_ISA_USAGE = YES_ERROR;
				CLANG_WARN_EMPTY_BODY = YES;
				CLANG_WARN_ENUM_CONVERSION = YES;
				CLANG_WARN_INT_CONVERSION = YES;
				CLANG_WARN_OBJC_ROOT_CLASS = YES_ERROR;
				CLANG_WARN_UNREACHABLE_CODE = YES;
				CLANG_WARN__DUPLICATE_METHOD_MATCH = YES;
				"CODE_SIGN_IDENTITY[sdk=iphoneos*]" = "iPhone Developer";
				COPY_PHASE_STRIP = YES;
				ENABLE_NS_ASSERTIONS = NO;
				ENABLE_STRICT_OBJC_MSGSEND = YES;
				GCC_C_LANGUAGE_STANDARD = gnu99;
				GCC_WARN_64_TO_32_BIT_CONVERSION = YES;
				GCC_WARN_ABOUT_RETURN_TYPE = YES_ERROR;
				GCC_WARN_UNDECLARED_SELECTOR = YES;
				GCC_WARN_UNINITIALIZED_AUTOS = YES_AGGRESSIVE;
				GCC_WARN_UNUSED_FUNCTION = YES;
				GCC_WARN_UNUSED_VARIABLE = YES;
				IPHONEOS_DEPLOYMENT_TARGET = 8.1;
				MTL_ENABLE_DEBUG_INFO = NO;
				SDKROOT = iphoneos;
				TARGETED_DEVICE_FAMILY = "1,2";
				VALIDATE_PRODUCT = YES;
			};
			name = Release;
		};
		80B7B03C1A4DCBDA00885524 /* Debug */ = {
			isa = XCBuildConfiguration;
			buildSettings = {
				ASSETCATALOG_COMPILER_APPICON_NAME = AppIcon;
				INFOPLIST_FILE = worktajm/Info.plist;
				LD_RUNPATH_SEARCH_PATHS = "$(inherited) @executable_path/Frameworks";
				PRODUCT_NAME = "$(TARGET_NAME)";
			};
			name = Debug;
		};
		80B7B03D1A4DCBDA00885524 /* Release */ = {
			isa = XCBuildConfiguration;
			buildSettings = {
				ASSETCATALOG_COMPILER_APPICON_NAME = AppIcon;
				INFOPLIST_FILE = worktajm/Info.plist;
				LD_RUNPATH_SEARCH_PATHS = "$(inherited) @executable_path/Frameworks";
				PRODUCT_NAME = "$(TARGET_NAME)";
			};
			name = Release;
		};
		80B7B03F1A4DCBDA00885524 /* Debug */ = {
			isa = XCBuildConfiguration;
			buildSettings = {
				BUNDLE_LOADER = "$(TEST_HOST)";
				FRAMEWORK_SEARCH_PATHS = (
					"$(SDKROOT)/Developer/Library/Frameworks",
					"$(inherited)",
				);
				GCC_PREPROCESSOR_DEFINITIONS = (
					"DEBUG=1",
					"$(inherited)",
				);
				INFOPLIST_FILE = worktajmTests/Info.plist;
				LD_RUNPATH_SEARCH_PATHS = "$(inherited) @executable_path/Frameworks @loader_path/Frameworks";
				PRODUCT_NAME = "$(TARGET_NAME)";
				TEST_HOST = "$(BUILT_PRODUCTS_DIR)/worktajm.app/worktajm";
			};
			name = Debug;
		};
		80B7B0401A4DCBDA00885524 /* Release */ = {
			isa = XCBuildConfiguration;
			buildSettings = {
				BUNDLE_LOADER = "$(TEST_HOST)";
				FRAMEWORK_SEARCH_PATHS = (
					"$(SDKROOT)/Developer/Library/Frameworks",
					"$(inherited)",
				);
				INFOPLIST_FILE = worktajmTests/Info.plist;
				LD_RUNPATH_SEARCH_PATHS = "$(inherited) @executable_path/Frameworks @loader_path/Frameworks";
				PRODUCT_NAME = "$(TARGET_NAME)";
				TEST_HOST = "$(BUILT_PRODUCTS_DIR)/worktajm.app/worktajm";
			};
			name = Release;
		};
/* End XCBuildConfiguration section */

/* Begin XCConfigurationList section */
		80B7B0121A4DCBDA00885524 /* Build configuration list for PBXProject "worktajm" */ = {
			isa = XCConfigurationList;
			buildConfigurations = (
				80B7B0391A4DCBDA00885524 /* Debug */,
				80B7B03A1A4DCBDA00885524 /* Release */,
			);
			defaultConfigurationIsVisible = 0;
			defaultConfigurationName = Release;
		};
		80B7B03B1A4DCBDA00885524 /* Build configuration list for PBXNativeTarget "worktajm" */ = {
			isa = XCConfigurationList;
			buildConfigurations = (
				80B7B03C1A4DCBDA00885524 /* Debug */,
				80B7B03D1A4DCBDA00885524 /* Release */,
			);
			defaultConfigurationIsVisible = 0;
		};
		80B7B03E1A4DCBDA00885524 /* Build configuration list for PBXNativeTarget "worktajmTests" */ = {
			isa = XCConfigurationList;
			buildConfigurations = (
				80B7B03F1A4DCBDA00885524 /* Debug */,
				80B7B0401A4DCBDA00885524 /* Release */,
			);
			defaultConfigurationIsVisible = 0;
		};
/* End XCConfigurationList section */

/* Begin XCVersionGroup section */
		80B7B01E1A4DCBDA00885524 /* worktajm.xcdatamodeld */ = {
			isa = XCVersionGroup;
			children = (
				80B7B01F1A4DCBDA00885524 /* worktajm.xcdatamodel */,
			);
			currentVersion = 80B7B01F1A4DCBDA00885524 /* worktajm.xcdatamodel */;
			path = worktajm.xcdatamodeld;
			sourceTree = "<group>";
			versionGroupType = wrapper.xcdatamodel;
		};
/* End XCVersionGroup section */
	};
	rootObject = 80B7B00F1A4DCBDA00885524 /* Project object */;
}
