// !$*UTF8*$!
{
	archiveVersion = 1;
	classes = {
	};
	objectVersion = 46;
	objects = {

/* Begin PBXBuildFile section */
		80D707671A3835C2009E2DEF /* AppDelegate.swift in Sources */ = {isa = PBXBuildFile; fileRef = 80D707661A3835C2009E2DEF /* AppDelegate.swift */; };
		80D7076A1A3835C2009E2DEF /* Worktajm.xcdatamodeld in Sources */ = {isa = PBXBuildFile; fileRef = 80D707681A3835C2009E2DEF /* Worktajm.xcdatamodeld */; };
		80D7076C1A3835C2009E2DEF /* MasterViewController.swift in Sources */ = {isa = PBXBuildFile; fileRef = 80D7076B1A3835C2009E2DEF /* MasterViewController.swift */; };
		80D7076E1A3835C2009E2DEF /* DetailViewController.swift in Sources */ = {isa = PBXBuildFile; fileRef = 80D7076D1A3835C2009E2DEF /* DetailViewController.swift */; };
		80D707711A3835C2009E2DEF /* Main.storyboard in Resources */ = {isa = PBXBuildFile; fileRef = 80D7076F1A3835C2009E2DEF /* Main.storyboard */; };
		80D707731A3835C2009E2DEF /* Images.xcassets in Resources */ = {isa = PBXBuildFile; fileRef = 80D707721A3835C2009E2DEF /* Images.xcassets */; };
		80D707761A3835C2009E2DEF /* LaunchScreen.xib in Resources */ = {isa = PBXBuildFile; fileRef = 80D707741A3835C2009E2DEF /* LaunchScreen.xib */; };
		80D707821A3835C2009E2DEF /* WorktajmTests.swift in Sources */ = {isa = PBXBuildFile; fileRef = 80D707811A3835C2009E2DEF /* WorktajmTests.swift */; };
/* End PBXBuildFile section */

/* Begin PBXContainerItemProxy section */
		80D7077C1A3835C2009E2DEF /* PBXContainerItemProxy */ = {
			isa = PBXContainerItemProxy;
			containerPortal = 80D707591A3835C2009E2DEF /* Project object */;
			proxyType = 1;
			remoteGlobalIDString = 80D707601A3835C2009E2DEF;
			remoteInfo = Worktajm;
		};
/* End PBXContainerItemProxy section */

/* Begin PBXFileReference section */
		80D707611A3835C2009E2DEF /* Worktajm.app */ = {isa = PBXFileReference; explicitFileType = wrapper.application; includeInIndex = 0; path = Worktajm.app; sourceTree = BUILT_PRODUCTS_DIR; };
		80D707651A3835C2009E2DEF /* Info.plist */ = {isa = PBXFileReference; lastKnownFileType = text.plist.xml; path = Info.plist; sourceTree = "<group>"; };
		80D707661A3835C2009E2DEF /* AppDelegate.swift */ = {isa = PBXFileReference; lastKnownFileType = sourcecode.swift; path = AppDelegate.swift; sourceTree = "<group>"; };
		80D707691A3835C2009E2DEF /* Worktajm.xcdatamodel */ = {isa = PBXFileReference; lastKnownFileType = wrapper.xcdatamodel; path = Worktajm.xcdatamodel; sourceTree = "<group>"; };
		80D7076B1A3835C2009E2DEF /* MasterViewController.swift */ = {isa = PBXFileReference; lastKnownFileType = sourcecode.swift; path = MasterViewController.swift; sourceTree = "<group>"; };
		80D7076D1A3835C2009E2DEF /* DetailViewController.swift */ = {isa = PBXFileReference; lastKnownFileType = sourcecode.swift; path = DetailViewController.swift; sourceTree = "<group>"; };
		80D707701A3835C2009E2DEF /* Base */ = {isa = PBXFileReference; lastKnownFileType = file.storyboard; name = Base; path = Base.lproj/Main.storyboard; sourceTree = "<group>"; };
		80D707721A3835C2009E2DEF /* Images.xcassets */ = {isa = PBXFileReference; lastKnownFileType = folder.assetcatalog; path = Images.xcassets; sourceTree = "<group>"; };
		80D707751A3835C2009E2DEF /* Base */ = {isa = PBXFileReference; lastKnownFileType = file.xib; name = Base; path = Base.lproj/LaunchScreen.xib; sourceTree = "<group>"; };
		80D7077B1A3835C2009E2DEF /* WorktajmTests.xctest */ = {isa = PBXFileReference; explicitFileType = wrapper.cfbundle; includeInIndex = 0; path = WorktajmTests.xctest; sourceTree = BUILT_PRODUCTS_DIR; };
		80D707801A3835C2009E2DEF /* Info.plist */ = {isa = PBXFileReference; lastKnownFileType = text.plist.xml; path = Info.plist; sourceTree = "<group>"; };
		80D707811A3835C2009E2DEF /* WorktajmTests.swift */ = {isa = PBXFileReference; lastKnownFileType = sourcecode.swift; path = WorktajmTests.swift; sourceTree = "<group>"; };
/* End PBXFileReference section */

/* Begin PBXFrameworksBuildPhase section */
		80D7075E1A3835C2009E2DEF /* Frameworks */ = {
			isa = PBXFrameworksBuildPhase;
			buildActionMask = 2147483647;
			files = (
			);
			runOnlyForDeploymentPostprocessing = 0;
		};
		80D707781A3835C2009E2DEF /* Frameworks */ = {
			isa = PBXFrameworksBuildPhase;
			buildActionMask = 2147483647;
			files = (
			);
			runOnlyForDeploymentPostprocessing = 0;
		};
/* End PBXFrameworksBuildPhase section */

/* Begin PBXGroup section */
		80D707581A3835C2009E2DEF = {
			isa = PBXGroup;
			children = (
				80D707631A3835C2009E2DEF /* Worktajm */,
				80D7077E1A3835C2009E2DEF /* WorktajmTests */,
				80D707621A3835C2009E2DEF /* Products */,
			);
			sourceTree = "<group>";
		};
		80D707621A3835C2009E2DEF /* Products */ = {
			isa = PBXGroup;
			children = (
				80D707611A3835C2009E2DEF /* Worktajm.app */,
				80D7077B1A3835C2009E2DEF /* WorktajmTests.xctest */,
			);
			name = Products;
			sourceTree = "<group>";
		};
		80D707631A3835C2009E2DEF /* Worktajm */ = {
			isa = PBXGroup;
			children = (
				80D707661A3835C2009E2DEF /* AppDelegate.swift */,
				80D7076B1A3835C2009E2DEF /* MasterViewController.swift */,
				80D7076D1A3835C2009E2DEF /* DetailViewController.swift */,
				80D7076F1A3835C2009E2DEF /* Main.storyboard */,
				80D707721A3835C2009E2DEF /* Images.xcassets */,
				80D707741A3835C2009E2DEF /* LaunchScreen.xib */,
				80D707681A3835C2009E2DEF /* Worktajm.xcdatamodeld */,
				80D707641A3835C2009E2DEF /* Supporting Files */,
			);
			path = Worktajm;
			sourceTree = "<group>";
		};
		80D707641A3835C2009E2DEF /* Supporting Files */ = {
			isa = PBXGroup;
			children = (
				80D707651A3835C2009E2DEF /* Info.plist */,
			);
			name = "Supporting Files";
			sourceTree = "<group>";
		};
		80D7077E1A3835C2009E2DEF /* WorktajmTests */ = {
			isa = PBXGroup;
			children = (
				80D707811A3835C2009E2DEF /* WorktajmTests.swift */,
				80D7077F1A3835C2009E2DEF /* Supporting Files */,
			);
			path = WorktajmTests;
			sourceTree = "<group>";
		};
		80D7077F1A3835C2009E2DEF /* Supporting Files */ = {
			isa = PBXGroup;
			children = (
				80D707801A3835C2009E2DEF /* Info.plist */,
			);
			name = "Supporting Files";
			sourceTree = "<group>";
		};
/* End PBXGroup section */

/* Begin PBXNativeTarget section */
		80D707601A3835C2009E2DEF /* Worktajm */ = {
			isa = PBXNativeTarget;
			buildConfigurationList = 80D707851A3835C2009E2DEF /* Build configuration list for PBXNativeTarget "Worktajm" */;
			buildPhases = (
				80D7075D1A3835C2009E2DEF /* Sources */,
				80D7075E1A3835C2009E2DEF /* Frameworks */,
				80D7075F1A3835C2009E2DEF /* Resources */,
			);
			buildRules = (
			);
			dependencies = (
			);
			name = Worktajm;
			productName = Worktajm;
			productReference = 80D707611A3835C2009E2DEF /* Worktajm.app */;
			productType = "com.apple.product-type.application";
		};
		80D7077A1A3835C2009E2DEF /* WorktajmTests */ = {
			isa = PBXNativeTarget;
			buildConfigurationList = 80D707881A3835C2009E2DEF /* Build configuration list for PBXNativeTarget "WorktajmTests" */;
			buildPhases = (
				80D707771A3835C2009E2DEF /* Sources */,
				80D707781A3835C2009E2DEF /* Frameworks */,
				80D707791A3835C2009E2DEF /* Resources */,
			);
			buildRules = (
			);
			dependencies = (
				80D7077D1A3835C2009E2DEF /* PBXTargetDependency */,
			);
			name = WorktajmTests;
			productName = WorktajmTests;
			productReference = 80D7077B1A3835C2009E2DEF /* WorktajmTests.xctest */;
			productType = "com.apple.product-type.bundle.unit-test";
		};
/* End PBXNativeTarget section */

/* Begin PBXProject section */
		80D707591A3835C2009E2DEF /* Project object */ = {
			isa = PBXProject;
			attributes = {
				LastUpgradeCheck = 0610;
				ORGANIZATIONNAME = "Arnell Consulting AB";
				TargetAttributes = {
					80D707601A3835C2009E2DEF = {
						CreatedOnToolsVersion = 6.1.1;
					};
					80D7077A1A3835C2009E2DEF = {
						CreatedOnToolsVersion = 6.1.1;
						TestTargetID = 80D707601A3835C2009E2DEF;
					};
				};
			};
			buildConfigurationList = 80D7075C1A3835C2009E2DEF /* Build configuration list for PBXProject "Worktajm" */;
			compatibilityVersion = "Xcode 3.2";
			developmentRegion = English;
			hasScannedForEncodings = 0;
			knownRegions = (
				en,
				Base,
			);
			mainGroup = 80D707581A3835C2009E2DEF;
			productRefGroup = 80D707621A3835C2009E2DEF /* Products */;
			projectDirPath = "";
			projectRoot = "";
			targets = (
				80D707601A3835C2009E2DEF /* Worktajm */,
				80D7077A1A3835C2009E2DEF /* WorktajmTests */,
			);
		};
/* End PBXProject section */

/* Begin PBXResourcesBuildPhase section */
		80D7075F1A3835C2009E2DEF /* Resources */ = {
			isa = PBXResourcesBuildPhase;
			buildActionMask = 2147483647;
			files = (
				80D707711A3835C2009E2DEF /* Main.storyboard in Resources */,
				80D707761A3835C2009E2DEF /* LaunchScreen.xib in Resources */,
				80D707731A3835C2009E2DEF /* Images.xcassets in Resources */,
			);
			runOnlyForDeploymentPostprocessing = 0;
		};
		80D707791A3835C2009E2DEF /* Resources */ = {
			isa = PBXResourcesBuildPhase;
			buildActionMask = 2147483647;
			files = (
			);
			runOnlyForDeploymentPostprocessing = 0;
		};
/* End PBXResourcesBuildPhase section */

/* Begin PBXSourcesBuildPhase section */
		80D7075D1A3835C2009E2DEF /* Sources */ = {
			isa = PBXSourcesBuildPhase;
			buildActionMask = 2147483647;
			files = (
				80D7076A1A3835C2009E2DEF /* Worktajm.xcdatamodeld in Sources */,
				80D707671A3835C2009E2DEF /* AppDelegate.swift in Sources */,
				80D7076C1A3835C2009E2DEF /* MasterViewController.swift in Sources */,
				80D7076E1A3835C2009E2DEF /* DetailViewController.swift in Sources */,
			);
			runOnlyForDeploymentPostprocessing = 0;
		};
		80D707771A3835C2009E2DEF /* Sources */ = {
			isa = PBXSourcesBuildPhase;
			buildActionMask = 2147483647;
			files = (
				80D707821A3835C2009E2DEF /* WorktajmTests.swift in Sources */,
			);
			runOnlyForDeploymentPostprocessing = 0;
		};
/* End PBXSourcesBuildPhase section */

/* Begin PBXTargetDependency section */
		80D7077D1A3835C2009E2DEF /* PBXTargetDependency */ = {
			isa = PBXTargetDependency;
			target = 80D707601A3835C2009E2DEF /* Worktajm */;
			targetProxy = 80D7077C1A3835C2009E2DEF /* PBXContainerItemProxy */;
		};
/* End PBXTargetDependency section */

/* Begin PBXVariantGroup section */
		80D7076F1A3835C2009E2DEF /* Main.storyboard */ = {
			isa = PBXVariantGroup;
			children = (
				80D707701A3835C2009E2DEF /* Base */,
			);
			name = Main.storyboard;
			sourceTree = "<group>";
		};
		80D707741A3835C2009E2DEF /* LaunchScreen.xib */ = {
			isa = PBXVariantGroup;
			children = (
				80D707751A3835C2009E2DEF /* Base */,
			);
			name = LaunchScreen.xib;
			sourceTree = "<group>";
		};
/* End PBXVariantGroup section */

/* Begin XCBuildConfiguration section */
		80D707831A3835C2009E2DEF /* Debug */ = {
			isa = XCBuildConfiguration;
			buildSettings = {
				ALWAYS_SEARCH_USER_PATHS = NO;
				CLANG_CXX_LANGUAGE_STANDARD = "gnu++0x";
				CLANG_CXX_LIBRARY = "libc++";
				CLANG_ENABLE_MODULES = YES;
				CLANG_ENABLE_OBJC_ARC = YES;
				CLANG_WARN_BOOL_CONVERSION = YES;
				CLANG_WARN_CONSTANT_CONVERSION = YES;
				CLANG_WARN_DIRECT_OBJC_ISA_USAGE = YES_ERROR;
				CLANG_WARN_EMPTY_BODY = YES;
				CLANG_WARN_ENUM_CONVERSION = YES;
				CLANG_WARN_INT_CONVERSION = YES;
				CLANG_WARN_OBJC_ROOT_CLASS = YES_ERROR;
				CLANG_WARN_UNREACHABLE_CODE = YES;
				CLANG_WARN__DUPLICATE_METHOD_MATCH = YES;
				"CODE_SIGN_IDENTITY[sdk=iphoneos*]" = "iPhone Developer";
				COPY_PHASE_STRIP = NO;
				ENABLE_STRICT_OBJC_MSGSEND = YES;
				GCC_C_LANGUAGE_STANDARD = gnu99;
				GCC_DYNAMIC_NO_PIC = NO;
				GCC_OPTIMIZATION_LEVEL = 0;
				GCC_PREPROCESSOR_DEFINITIONS = (
					"DEBUG=1",
					"$(inherited)",
				);
				GCC_SYMBOLS_PRIVATE_EXTERN = NO;
				GCC_WARN_64_TO_32_BIT_CONVERSION = YES;
				GCC_WARN_ABOUT_RETURN_TYPE = YES_ERROR;
				GCC_WARN_UNDECLARED_SELECTOR = YES;
				GCC_WARN_UNINITIALIZED_AUTOS = YES_AGGRESSIVE;
				GCC_WARN_UNUSED_FUNCTION = YES;
				GCC_WARN_UNUSED_VARIABLE = YES;
				IPHONEOS_DEPLOYMENT_TARGET = 8.1;
				MTL_ENABLE_DEBUG_INFO = YES;
				ONLY_ACTIVE_ARCH = YES;
				SDKROOT = iphoneos;
				SWIFT_OPTIMIZATION_LEVEL = "-Onone";
				TARGETED_DEVICE_FAMILY = "1,2";
			};
			name = Debug;
		};
		80D707841A3835C2009E2DEF /* Release */ = {
			isa = XCBuildConfiguration;
			buildSettings = {
				ALWAYS_SEARCH_USER_PATHS = NO;
				CLANG_CXX_LANGUAGE_STANDARD = "gnu++0x";
				CLANG_CXX_LIBRARY = "libc++";
				CLANG_ENABLE_MODULES = YES;
				CLANG_ENABLE_OBJC_ARC = YES;
				CLANG_WARN_BOOL_CONVERSION = YES;
				CLANG_WARN_CONSTANT_CONVERSION = YES;
				CLANG_WARN_DIRECT_OBJC_ISA_USAGE = YES_ERROR;
				CLANG_WARN_EMPTY_BODY = YES;
				CLANG_WARN_ENUM_CONVERSION = YES;
				CLANG_WARN_INT_CONVERSION = YES;
				CLANG_WARN_OBJC_ROOT_CLASS = YES_ERROR;
				CLANG_WARN_UNREACHABLE_CODE = YES;
				CLANG_WARN__DUPLICATE_METHOD_MATCH = YES;
				"CODE_SIGN_IDENTITY[sdk=iphoneos*]" = "iPhone Developer";
				COPY_PHASE_STRIP = YES;
				ENABLE_NS_ASSERTIONS = NO;
				ENABLE_STRICT_OBJC_MSGSEND = YES;
				GCC_C_LANGUAGE_STANDARD = gnu99;
				GCC_WARN_64_TO_32_BIT_CONVERSION = YES;
				GCC_WARN_ABOUT_RETURN_TYPE = YES_ERROR;
				GCC_WARN_UNDECLARED_SELECTOR = YES;
				GCC_WARN_UNINITIALIZED_AUTOS = YES_AGGRESSIVE;
				GCC_WARN_UNUSED_FUNCTION = YES;
				GCC_WARN_UNUSED_VARIABLE = YES;
				IPHONEOS_DEPLOYMENT_TARGET = 8.1;
				MTL_ENABLE_DEBUG_INFO = NO;
				SDKROOT = iphoneos;
				TARGETED_DEVICE_FAMILY = "1,2";
				VALIDATE_PRODUCT = YES;
			};
			name = Release;
		};
		80D707861A3835C2009E2DEF /* Debug */ = {
			isa = XCBuildConfiguration;
			buildSettings = {
				ASSETCATALOG_COMPILER_APPICON_NAME = AppIcon;
				INFOPLIST_FILE = Worktajm/Info.plist;
				LD_RUNPATH_SEARCH_PATHS = "$(inherited) @executable_path/Frameworks";
				PRODUCT_NAME = "$(TARGET_NAME)";
			};
			name = Debug;
		};
		80D707871A3835C2009E2DEF /* Release */ = {
			isa = XCBuildConfiguration;
			buildSettings = {
				ASSETCATALOG_COMPILER_APPICON_NAME = AppIcon;
				INFOPLIST_FILE = Worktajm/Info.plist;
				LD_RUNPATH_SEARCH_PATHS = "$(inherited) @executable_path/Frameworks";
				PRODUCT_NAME = "$(TARGET_NAME)";
			};
			name = Release;
		};
		80D707891A3835C2009E2DEF /* Debug */ = {
			isa = XCBuildConfiguration;
			buildSettings = {
				BUNDLE_LOADER = "$(TEST_HOST)";
				FRAMEWORK_SEARCH_PATHS = (
					"$(SDKROOT)/Developer/Library/Frameworks",
					"$(inherited)",
				);
				GCC_PREPROCESSOR_DEFINITIONS = (
					"DEBUG=1",
					"$(inherited)",
				);
				INFOPLIST_FILE = WorktajmTests/Info.plist;
				LD_RUNPATH_SEARCH_PATHS = "$(inherited) @executable_path/Frameworks @loader_path/Frameworks";
				PRODUCT_NAME = "$(TARGET_NAME)";
				TEST_HOST = "$(BUILT_PRODUCTS_DIR)/Worktajm.app/Worktajm";
			};
			name = Debug;
		};
		80D7078A1A3835C2009E2DEF /* Release */ = {
			isa = XCBuildConfiguration;
			buildSettings = {
				BUNDLE_LOADER = "$(TEST_HOST)";
				FRAMEWORK_SEARCH_PATHS = (
					"$(SDKROOT)/Developer/Library/Frameworks",
					"$(inherited)",
				);
				INFOPLIST_FILE = WorktajmTests/Info.plist;
				LD_RUNPATH_SEARCH_PATHS = "$(inherited) @executable_path/Frameworks @loader_path/Frameworks";
				PRODUCT_NAME = "$(TARGET_NAME)";
				TEST_HOST = "$(BUILT_PRODUCTS_DIR)/Worktajm.app/Worktajm";
			};
			name = Release;
		};
/* End XCBuildConfiguration section */

/* Begin XCConfigurationList section */
		80D7075C1A3835C2009E2DEF /* Build configuration list for PBXProject "Worktajm" */ = {
			isa = XCConfigurationList;
			buildConfigurations = (
				80D707831A3835C2009E2DEF /* Debug */,
				80D707841A3835C2009E2DEF /* Release */,
			);
			defaultConfigurationIsVisible = 0;
			defaultConfigurationName = Release;
		};
		80D707851A3835C2009E2DEF /* Build configuration list for PBXNativeTarget "Worktajm" */ = {
			isa = XCConfigurationList;
			buildConfigurations = (
				80D707861A3835C2009E2DEF /* Debug */,
				80D707871A3835C2009E2DEF /* Release */,
			);
			defaultConfigurationIsVisible = 0;
		};
		80D707881A3835C2009E2DEF /* Build configuration list for PBXNativeTarget "WorktajmTests" */ = {
			isa = XCConfigurationList;
			buildConfigurations = (
				80D707891A3835C2009E2DEF /* Debug */,
				80D7078A1A3835C2009E2DEF /* Release */,
			);
			defaultConfigurationIsVisible = 0;
		};
/* End XCConfigurationList section */

/* Begin XCVersionGroup section */
		80D707681A3835C2009E2DEF /* Worktajm.xcdatamodeld */ = {
			isa = XCVersionGroup;
			children = (
				80D707691A3835C2009E2DEF /* Worktajm.xcdatamodel */,
			);
			currentVersion = 80D707691A3835C2009E2DEF /* Worktajm.xcdatamodel */;
			path = Worktajm.xcdatamodeld;
			sourceTree = "<group>";
			versionGroupType = wrapper.xcdatamodel;
		};
/* End XCVersionGroup section */
	};
	rootObject = 80D707591A3835C2009E2DEF /* Project object */;
}
